
Microsoft Visual Studio Solution File, Format Version 12.00
# Visual Studio Version 17
VisualStudioVersion = 17.5.002.0
MinimumVisualStudioVersion = 10.0.40219.1
Project("{9A19103F-16F7-4668-BE54-9A1E7A4F7556}") = "learning_management_system", "learning_management_system.csproj", "{3BAABAFB-1045-4DAA-94AB-E39E8FFE33B3}"
EndProject
Global
	GlobalSection(SolutionConfigurationPlatforms) = preSolution
		Debug|Any CPU = Debug|Any CPU
		Release|Any CPU = Release|Any CPU
	EndGlobalSection
	GlobalSection(ProjectConfigurationPlatforms) = postSolution
		{3BAABAFB-1045-4DAA-94AB-E39E8FFE33B3}.Debug|Any CPU.ActiveCfg = Debug|Any CPU
		{3BAABAFB-1045-4DAA-94AB-E39E8FFE33B3}.Debug|Any CPU.Build.0 = Debug|Any CPU
		{3BAABAFB-1045-4DAA-94AB-E39E8FFE33B3}.Release|Any CPU.ActiveCfg = Release|Any CPU
		{3BAABAFB-1045-4DAA-94AB-E39E8FFE33B3}.Release|Any CPU.Build.0 = Release|Any CPU
	EndGlobalSection
	GlobalSection(SolutionProperties) = preSolution
		HideSolutionNode = FALSE
	EndGlobalSection
	GlobalSection(ExtensibilityGlobals) = postSolution
		SolutionGuid = {345CF041-AB4A-449E-A88B-FEF90AF46D71}
	EndGlobalSection
EndGlobal
